
Microsoft Visual Studio Solution File, Format Version 12.00
# Visual Studio 15
VisualStudioVersion = 15.0.27004.2002
MinimumVisualStudioVersion = 10.0.40219.1
Project("{FAE04EC0-301F-11D3-BF4B-00C04F79EFBC}") = "RigelCore", "RigelCore\RigelCore.csproj", "{F29A7E2D-8106-44A3-A404-64870126BE84}"
EndProject
Project("{FAE04EC0-301F-11D3-BF4B-00C04F79EFBC}") = "RigelAppLoader", "RigelAppLoader\RigelAppLoader.csproj", "{811D2BF8-013C-463D-9965-6CEA9DB5347C}"
	ProjectSection(ProjectDependencies) = postProject
		{27B8FC1A-3CEE-4793-9053-35069E645472} = {27B8FC1A-3CEE-4793-9053-35069E645472}
	EndProjectSection
EndProject
Project("{FAE04EC0-301F-11D3-BF4B-00C04F79EFBC}") = "RigelEditor", "RigelEditor\RigelEditor.csproj", "{27B8FC1A-3CEE-4793-9053-35069E645472}"
EndProject
Project("{2150E333-8FDC-42A3-9474-1A3956D46DE8}") = "Modules", "Modules", "{963D1BE9-E7D6-46C0-8DE8-B1418948C15B}"
EndProject
Project("{FAE04EC0-301F-11D3-BF4B-00C04F79EFBC}") = "RigelRunner", "RigelRunner\RigelRunner.csproj", "{EA99D0F7-0089-44AF-9508-EDD483B4FE2C}"
EndProject
Project("{FAE04EC0-301F-11D3-BF4B-00C04F79EFBC}") = "SampleGame", "SampleGame\SampleGame.csproj", "{98E1D864-CBEA-4EEE-8A33-E93DAC9F7155}"
EndProject
Project("{FAE04EC0-301F-11D3-BF4B-00C04F79EFBC}") = "Rigel.EGUI", "Rigel.EGUI\Rigel.EGUI.csproj", "{19BE01B0-D938-4005-B5D2-A132A1FB1839}"
EndProject
Project("{2150E333-8FDC-42A3-9474-1A3956D46DE8}") = "Samples", "Samples", "{312A80E2-CF61-4B31-8278-A5D8DE2DA239}"
EndProject
Project("{2150E333-8FDC-42A3-9474-1A3956D46DE8}") = "Test", "Test", "{92535162-F07C-4460-9BDE-ED7492FD60D3}"
EndProject
Project("{FAE04EC0-301F-11D3-BF4B-00C04F79EFBC}") = "TestApp", "TestApp\TestApp.csproj", "{C21EA134-CF1C-4615-BA05-2F9B3B43364C}"
EndProject
Project("{FAE04EC0-301F-11D3-BF4B-00C04F79EFBC}") = "Rigel.Editor", "Rigel.Editor\Rigel.Editor.csproj", "{38178AA4-1F2F-40FE-9BFE-5AF358D8DAD3}"
EndProject
Project("{2150E333-8FDC-42A3-9474-1A3956D46DE8}") = "RigelEngine", "RigelEngine", "{B4ADBBED-121F-44F0-ACBF-6AE48E8E0971}"
EndProject
Project("{FAE04EC0-301F-11D3-BF4B-00C04F79EFBC}") = "RigelEngineLoader", "RigelEngineLoader\RigelEngineLoader.csproj", "{F783D3A6-DC51-423C-A28A-FF67C54988DB}"
EndProject
Project("{FAE04EC0-301F-11D3-BF4B-00C04F79EFBC}") = "RigelEngine", "RigelEngine\RigelEngine.csproj", "{22813787-485F-4569-9CB6-1A2B52F646F6}"
EndProject
Project("{FAE04EC0-301F-11D3-BF4B-00C04F79EFBC}") = "Rigel.SharpDX", "Rigel.SharpDX\Rigel.SharpDX.csproj", "{922643BE-D399-4590-B63B-ADD764B1697E}"
EndProject
Project("{FAE04EC0-301F-11D3-BF4B-00C04F79EFBC}") = "Rigel.OpenTK", "Rigel.OpenTK\Rigel.OpenTK.csproj", "{4CE5A1C3-7273-4D6C-9EDD-E6F37441FF26}"
EndProject
Global
	GlobalSection(SolutionConfigurationPlatforms) = preSolution
		Debug|Any CPU = Debug|Any CPU
		Release|Any CPU = Release|Any CPU
	EndGlobalSection
	GlobalSection(ProjectConfigurationPlatforms) = postSolution
		{F29A7E2D-8106-44A3-A404-64870126BE84}.Debug|Any CPU.ActiveCfg = Debug|Any CPU
		{F29A7E2D-8106-44A3-A404-64870126BE84}.Debug|Any CPU.Build.0 = Debug|Any CPU
		{F29A7E2D-8106-44A3-A404-64870126BE84}.Release|Any CPU.ActiveCfg = Release|Any CPU
		{F29A7E2D-8106-44A3-A404-64870126BE84}.Release|Any CPU.Build.0 = Release|Any CPU
		{811D2BF8-013C-463D-9965-6CEA9DB5347C}.Debug|Any CPU.ActiveCfg = Debug|Any CPU
		{811D2BF8-013C-463D-9965-6CEA9DB5347C}.Debug|Any CPU.Build.0 = Debug|Any CPU
		{811D2BF8-013C-463D-9965-6CEA9DB5347C}.Release|Any CPU.ActiveCfg = Release|Any CPU
		{811D2BF8-013C-463D-9965-6CEA9DB5347C}.Release|Any CPU.Build.0 = Release|Any CPU
		{27B8FC1A-3CEE-4793-9053-35069E645472}.Debug|Any CPU.ActiveCfg = Debug|Any CPU
		{27B8FC1A-3CEE-4793-9053-35069E645472}.Debug|Any CPU.Build.0 = Debug|Any CPU
		{27B8FC1A-3CEE-4793-9053-35069E645472}.Release|Any CPU.ActiveCfg = Release|Any CPU
		{27B8FC1A-3CEE-4793-9053-35069E645472}.Release|Any CPU.Build.0 = Release|Any CPU
		{EA99D0F7-0089-44AF-9508-EDD483B4FE2C}.Debug|Any CPU.ActiveCfg = Debug|Any CPU
		{EA99D0F7-0089-44AF-9508-EDD483B4FE2C}.Debug|Any CPU.Build.0 = Debug|Any CPU
		{EA99D0F7-0089-44AF-9508-EDD483B4FE2C}.Release|Any CPU.ActiveCfg = Release|Any CPU
		{EA99D0F7-0089-44AF-9508-EDD483B4FE2C}.Release|Any CPU.Build.0 = Release|Any CPU
		{98E1D864-CBEA-4EEE-8A33-E93DAC9F7155}.Debug|Any CPU.ActiveCfg = Debug|Any CPU
		{98E1D864-CBEA-4EEE-8A33-E93DAC9F7155}.Debug|Any CPU.Build.0 = Debug|Any CPU
		{98E1D864-CBEA-4EEE-8A33-E93DAC9F7155}.Release|Any CPU.ActiveCfg = Release|Any CPU
		{98E1D864-CBEA-4EEE-8A33-E93DAC9F7155}.Release|Any CPU.Build.0 = Release|Any CPU
		{19BE01B0-D938-4005-B5D2-A132A1FB1839}.Debug|Any CPU.ActiveCfg = Debug|Any CPU
		{19BE01B0-D938-4005-B5D2-A132A1FB1839}.Debug|Any CPU.Build.0 = Debug|Any CPU
		{19BE01B0-D938-4005-B5D2-A132A1FB1839}.Release|Any CPU.ActiveCfg = Release|Any CPU
		{19BE01B0-D938-4005-B5D2-A132A1FB1839}.Release|Any CPU.Build.0 = Release|Any CPU
		{C21EA134-CF1C-4615-BA05-2F9B3B43364C}.Debug|Any CPU.ActiveCfg = Debug|Any CPU
		{C21EA134-CF1C-4615-BA05-2F9B3B43364C}.Debug|Any CPU.Build.0 = Debug|Any CPU
		{C21EA134-CF1C-4615-BA05-2F9B3B43364C}.Release|Any CPU.ActiveCfg = Release|Any CPU
		{C21EA134-CF1C-4615-BA05-2F9B3B43364C}.Release|Any CPU.Build.0 = Release|Any CPU
		{38178AA4-1F2F-40FE-9BFE-5AF358D8DAD3}.Debug|Any CPU.ActiveCfg = Debug|Any CPU
		{38178AA4-1F2F-40FE-9BFE-5AF358D8DAD3}.Debug|Any CPU.Build.0 = Debug|Any CPU
		{38178AA4-1F2F-40FE-9BFE-5AF358D8DAD3}.Release|Any CPU.ActiveCfg = Release|Any CPU
		{38178AA4-1F2F-40FE-9BFE-5AF358D8DAD3}.Release|Any CPU.Build.0 = Release|Any CPU
		{F783D3A6-DC51-423C-A28A-FF67C54988DB}.Debug|Any CPU.ActiveCfg = Debug|Any CPU
		{F783D3A6-DC51-423C-A28A-FF67C54988DB}.Debug|Any CPU.Build.0 = Debug|Any CPU
		{F783D3A6-DC51-423C-A28A-FF67C54988DB}.Release|Any CPU.ActiveCfg = Release|Any CPU
		{F783D3A6-DC51-423C-A28A-FF67C54988DB}.Release|Any CPU.Build.0 = Release|Any CPU
		{22813787-485F-4569-9CB6-1A2B52F646F6}.Debug|Any CPU.ActiveCfg = Debug|Any CPU
		{22813787-485F-4569-9CB6-1A2B52F646F6}.Debug|Any CPU.Build.0 = Debug|Any CPU
		{22813787-485F-4569-9CB6-1A2B52F646F6}.Release|Any CPU.ActiveCfg = Release|Any CPU
		{22813787-485F-4569-9CB6-1A2B52F646F6}.Release|Any CPU.Build.0 = Release|Any CPU
		{922643BE-D399-4590-B63B-ADD764B1697E}.Debug|Any CPU.ActiveCfg = Debug|Any CPU
		{922643BE-D399-4590-B63B-ADD764B1697E}.Debug|Any CPU.Build.0 = Debug|Any CPU
		{922643BE-D399-4590-B63B-ADD764B1697E}.Release|Any CPU.ActiveCfg = Release|Any CPU
		{922643BE-D399-4590-B63B-ADD764B1697E}.Release|Any CPU.Build.0 = Release|Any CPU
		{4CE5A1C3-7273-4D6C-9EDD-E6F37441FF26}.Debug|Any CPU.ActiveCfg = Debug|Any CPU
		{4CE5A1C3-7273-4D6C-9EDD-E6F37441FF26}.Debug|Any CPU.Build.0 = Debug|Any CPU
		{4CE5A1C3-7273-4D6C-9EDD-E6F37441FF26}.Release|Any CPU.ActiveCfg = Release|Any CPU
		{4CE5A1C3-7273-4D6C-9EDD-E6F37441FF26}.Release|Any CPU.Build.0 = Release|Any CPU
	EndGlobalSection
	GlobalSection(SolutionProperties) = preSolution
		HideSolutionNode = FALSE
	EndGlobalSection
	GlobalSection(NestedProjects) = preSolution
		{F29A7E2D-8106-44A3-A404-64870126BE84} = {963D1BE9-E7D6-46C0-8DE8-B1418948C15B}
		{EA99D0F7-0089-44AF-9508-EDD483B4FE2C} = {312A80E2-CF61-4B31-8278-A5D8DE2DA239}
		{98E1D864-CBEA-4EEE-8A33-E93DAC9F7155} = {312A80E2-CF61-4B31-8278-A5D8DE2DA239}
		{19BE01B0-D938-4005-B5D2-A132A1FB1839} = {963D1BE9-E7D6-46C0-8DE8-B1418948C15B}
		{C21EA134-CF1C-4615-BA05-2F9B3B43364C} = {92535162-F07C-4460-9BDE-ED7492FD60D3}
		{38178AA4-1F2F-40FE-9BFE-5AF358D8DAD3} = {963D1BE9-E7D6-46C0-8DE8-B1418948C15B}
		{F783D3A6-DC51-423C-A28A-FF67C54988DB} = {B4ADBBED-121F-44F0-ACBF-6AE48E8E0971}
		{22813787-485F-4569-9CB6-1A2B52F646F6} = {B4ADBBED-121F-44F0-ACBF-6AE48E8E0971}
		{922643BE-D399-4590-B63B-ADD764B1697E} = {963D1BE9-E7D6-46C0-8DE8-B1418948C15B}
		{4CE5A1C3-7273-4D6C-9EDD-E6F37441FF26} = {963D1BE9-E7D6-46C0-8DE8-B1418948C15B}
	EndGlobalSection
	GlobalSection(ExtensibilityGlobals) = postSolution
		SolutionGuid = {DA0B8DD1-8381-4910-BDF3-2D7C3339EB99}
	EndGlobalSection
EndGlobal
